
Microsoft Visual Studio Solution File, Format Version 12.00
# Visual Studio 15
VisualStudioVersion = 15.0.28307.168
MinimumVisualStudioVersion = 10.0.40219.1
Project("{FAE04EC0-301F-11D3-BF4B-00C04F79EFBC}") = "CSUATR", "CSUATR\CSUATR.csproj", "{F4FDE4C3-23EA-49F6-80E6-57F7DEA21632}"
EndProject
Project("{FAE04EC0-301F-11D3-BF4B-00C04F79EFBC}") = "CSUATRv2", "CSUATRv2\CSUATRv2.csproj", "{F5931E14-EE5A-476A-BC52-D8EA6A47992D}"
EndProject
Project("{FAE04EC0-301F-11D3-BF4B-00C04F79EFBC}") = "CSUATRv3", "CSUATRv3\CSUATRv3.csproj", "{36AA3A96-2DA2-43B1-A9F6-923BB4DF1CE1}"
EndProject
Global
	GlobalSection(SolutionConfigurationPlatforms) = preSolution
		Debug|Any CPU = Debug|Any CPU
		Release|Any CPU = Release|Any CPU
	EndGlobalSection
	GlobalSection(ProjectConfigurationPlatforms) = postSolution
		{F4FDE4C3-23EA-49F6-80E6-57F7DEA21632}.Debug|Any CPU.ActiveCfg = Debug|Any CPU
		{F4FDE4C3-23EA-49F6-80E6-57F7DEA21632}.Debug|Any CPU.Build.0 = Debug|Any CPU
		{F4FDE4C3-23EA-49F6-80E6-57F7DEA21632}.Release|Any CPU.ActiveCfg = Release|Any CPU
		{F4FDE4C3-23EA-49F6-80E6-57F7DEA21632}.Release|Any CPU.Build.0 = Release|Any CPU
		{F5931E14-EE5A-476A-BC52-D8EA6A47992D}.Debug|Any CPU.ActiveCfg = Debug|Any CPU
		{F5931E14-EE5A-476A-BC52-D8EA6A47992D}.Debug|Any CPU.Build.0 = Debug|Any CPU
		{F5931E14-EE5A-476A-BC52-D8EA6A47992D}.Release|Any CPU.ActiveCfg = Release|Any CPU
		{F5931E14-EE5A-476A-BC52-D8EA6A47992D}.Release|Any CPU.Build.0 = Release|Any CPU
		{36AA3A96-2DA2-43B1-A9F6-923BB4DF1CE1}.Debug|Any CPU.ActiveCfg = Debug|Any CPU
		{36AA3A96-2DA2-43B1-A9F6-923BB4DF1CE1}.Debug|Any CPU.Build.0 = Debug|Any CPU
		{36AA3A96-2DA2-43B1-A9F6-923BB4DF1CE1}.Release|Any CPU.ActiveCfg = Release|Any CPU
		{36AA3A96-2DA2-43B1-A9F6-923BB4DF1CE1}.Release|Any CPU.Build.0 = Release|Any CPU
	EndGlobalSection
	GlobalSection(SolutionProperties) = preSolution
		HideSolutionNode = FALSE
	EndGlobalSection
	GlobalSection(ExtensibilityGlobals) = postSolution
		SolutionGuid = {21529D55-1BCE-4ADD-9FBD-4D4880C917CF}
	EndGlobalSection
EndGlobal
